
Microsoft Visual Studio Solution File, Format Version 12.00
# Visual Studio Version 16
VisualStudioVersion = 16.0.808.10
MinimumVisualStudioVersion = 10.0.40219.1
Project("{FAE04EC0-301F-11D3-BF4B-00C04F79EFBC}") = "ServiceHotels", "ServiceHotels.csproj", "{F66D42A1-CDDA-4395-AC5D-2E35FBC82C48}"
EndProject
Global
	GlobalSection(SolutionConfigurationPlatforms) = preSolution
		Debug|Any CPU = Debug|Any CPU
		Release|Any CPU = Release|Any CPU
	EndGlobalSection
	GlobalSection(ProjectConfigurationPlatforms) = postSolution
		{F66D42A1-CDDA-4395-AC5D-2E35FBC82C48}.Debug|Any CPU.ActiveCfg = Debug|Any CPU
		{F66D42A1-CDDA-4395-AC5D-2E35FBC82C48}.Debug|Any CPU.Build.0 = Debug|Any CPU
		{F66D42A1-CDDA-4395-AC5D-2E35FBC82C48}.Release|Any CPU.ActiveCfg = Release|Any CPU
		{F66D42A1-CDDA-4395-AC5D-2E35FBC82C48}.Release|Any CPU.Build.0 = Release|Any CPU
	EndGlobalSection
	GlobalSection(SolutionProperties) = preSolution
		HideSolutionNode = FALSE
	EndGlobalSection
	GlobalSection(ExtensibilityGlobals) = postSolution
		SolutionGuid = {6476BC3E-34D4-4F27-B773-BF331BEC9D61}
	EndGlobalSection
EndGlobal
